
Microsoft Visual Studio Solution File, Format Version 12.00
# Visual Studio 14
VisualStudioVersion = 14.0.25420.1
MinimumVisualStudioVersion = 10.0.40219.1
Project("{9092AA53-FB77-4645-B42D-1CCCA6BD08BD}") = "EDUGraphAPI.Web", "EDUGraphAPI.Web\EDUGraphAPI.Web.njsproj", "{E94DF9FE-9F95-4D1F-8B7D-A64BBA55E0DA}"
EndProject
Global
	GlobalSection(SolutionConfigurationPlatforms) = preSolution
		Debug|Any CPU = Debug|Any CPU
		Release|Any CPU = Release|Any CPU
	EndGlobalSection
	GlobalSection(ProjectConfigurationPlatforms) = postSolution
		{E94DF9FE-9F95-4D1F-8B7D-A64BBA55E0DA}.Debug|Any CPU.ActiveCfg = Debug|Any CPU
		{E94DF9FE-9F95-4D1F-8B7D-A64BBA55E0DA}.Debug|Any CPU.Build.0 = Debug|Any CPU
		{E94DF9FE-9F95-4D1F-8B7D-A64BBA55E0DA}.Release|Any CPU.ActiveCfg = Release|Any CPU
		{E94DF9FE-9F95-4D1F-8B7D-A64BBA55E0DA}.Release|Any CPU.Build.0 = Release|Any CPU
	EndGlobalSection
	GlobalSection(SolutionProperties) = preSolution
		HideSolutionNode = FALSE
	EndGlobalSection
	GlobalSection(TeamFoundationVersionControl) = preSolution
		SccNumberOfProjects = 2
		SccEnterpriseProvider = {4CA58AB2-18FA-4F8D-95D4-32DDF27D184C}
		SccTeamFoundationServer = https://canviz.visualstudio.com/defaultcollection
		SccLocalPath0 = .
		SccProjectUniqueName1 = EDUGraphAPI.Web\\EDUGraphAPI.Web.njsproj
		SccProjectName1 = EDUGraphAPI.Web
		SccLocalPath1 = EDUGraphAPI.Web
	EndGlobalSection
EndGlobal
